
Microsoft Visual Studio Solution File, Format Version 12.00
# Visual Studio 14
VisualStudioVersion = 14.0.25420.1
MinimumVisualStudioVersion = 10.0.40219.1
Project("{8BC9CEB8-8B4A-11D0-8D11-00A0C91BC942}") = "ITMSAPI", "Intelligent_Traffic_Monitoring_System.vcxproj", "{930206C8-E6F6-4BDC-9F76-5A70FBABF35D}"
EndProject
Project("{8BC9CEB8-8B4A-11D0-8D11-00A0C91BC942}") = "VideoStabilization", "utils\VideoStabilization\VideoStabilization.vcxproj", "{14CDB836-29A6-41A7-AB83-5A96F90C4660}"
EndProject
Project("{8BC9CEB8-8B4A-11D0-8D11-00A0C91BC942}") = "MJPGPlayer", "utils\MJPGPlayer\MJPGPlayer.vcxproj", "{251497BE-4D12-43FE-A890-225E184EE0EA}"
EndProject
Project("{8BC9CEB8-8B4A-11D0-8D11-00A0C91BC942}") = "Object_Detector_YOLO", "utils\ObjectYoloDetector\Object_Detector_YOLO.vcxproj", "{124ED325-5E61-45FC-A8F7-5B7AF73B6597}"
EndProject
Project("{8BC9CEB8-8B4A-11D0-8D11-00A0C91BC942}") = "Object_Detector_Cascade", "utils\CascadeDetector\Object_Detector_Cascade.vcxproj", "{1F7597B2-F031-4122-B57A-399B5CCDCB8C}"
EndProject
Project("{8BC9CEB8-8B4A-11D0-8D11-00A0C91BC942}") = "OpticalFlowPyramid", "utils\OpticalFlow\OpticalFlowPyramid.vcxproj", "{3D95D5C3-7997-47B0-BF53-7F5291778744}"
EndProject
Project("{8BC9CEB8-8B4A-11D0-8D11-00A0C91BC942}") = "KCF_FASTDSST", "utils\FASTDSST\FAST_DSST.vcxproj", "{5DD7FA67-C0E9-3528-A6FE-27B61EC8C9FA}"
EndProject
Project("{8BC9CEB8-8B4A-11D0-8D11-00A0C91BC942}") = "BoxSelector", "utils\BoxSelector\BoxSelector.vcxproj", "{C93BF7BC-FB7E-3A8D-8BA0-FDC8AB22F819}"
EndProject
Project("{54435603-DBB4-11D2-8724-00A0C9A8B90C}") = "ITMS_Setup", "utils\ITMS_Setup\ITMS_Setup.vdproj", "{5CFFBD0B-4872-47FF-AF10-7E744AF04EF2}"
EndProject
Project("{8BC9CEB8-8B4A-11D0-8D11-00A0C91BC942}") = "ITMSAPI_CLIWrap", "utils\ITMSAPI_CLIWrap\ITMSAPI_CLIWrap.vcxproj", "{FE2BB7B1-AD21-4F94-8CBB-B2CC41B2800B}"
EndProject
Project("{FAE04EC0-301F-11D3-BF4B-00C04F79EFBC}") = "ITMSAPICLI_CS_Demo", "utils\ITMSAPICLI_CS_Demo\ITMSAPICLI_CS_Demo.csproj", "{BEE296A6-2814-47EB-AD7D-A5F806A7F9FA}"
	ProjectSection(ProjectDependencies) = postProject
		{FE2BB7B1-AD21-4F94-8CBB-B2CC41B2800B} = {FE2BB7B1-AD21-4F94-8CBB-B2CC41B2800B}
	EndProjectSection
EndProject
Project("{8BC9CEB8-8B4A-11D0-8D11-00A0C91BC942}") = "ITMS_APP", "ITMS_APP.vcxproj", "{061A8A19-4757-47D9-8E19-FED8AC96EE2E}"
EndProject
Project("{8BC9CEB8-8B4A-11D0-8D11-00A0C91BC942}") = "ITMS_API_CLASS_APP", "ITMS_API_CLASS_APP.vcxproj", "{C798CB96-54B6-479C-87E0-0AA06D769221}"
EndProject
Global
	GlobalSection(SolutionConfigurationPlatforms) = preSolution
		Debug|Any CPU = Debug|Any CPU
		Debug|x64 = Debug|x64
		Debug|x86 = Debug|x86
		MinSizeRel|Any CPU = MinSizeRel|Any CPU
		MinSizeRel|x64 = MinSizeRel|x64
		MinSizeRel|x86 = MinSizeRel|x86
		Release|Any CPU = Release|Any CPU
		Release|x64 = Release|x64
		Release|x86 = Release|x86
		RelWithDebInfo|Any CPU = RelWithDebInfo|Any CPU
		RelWithDebInfo|x64 = RelWithDebInfo|x64
		RelWithDebInfo|x86 = RelWithDebInfo|x86
	EndGlobalSection
	GlobalSection(ProjectConfigurationPlatforms) = postSolution
		{930206C8-E6F6-4BDC-9F76-5A70FBABF35D}.Debug|Any CPU.ActiveCfg = Debug|Win32
		{930206C8-E6F6-4BDC-9F76-5A70FBABF35D}.Debug|x64.ActiveCfg = Debug|x64
		{930206C8-E6F6-4BDC-9F76-5A70FBABF35D}.Debug|x64.Build.0 = Debug|x64
		{930206C8-E6F6-4BDC-9F76-5A70FBABF35D}.Debug|x86.ActiveCfg = Debug|Win32
		{930206C8-E6F6-4BDC-9F76-5A70FBABF35D}.Debug|x86.Build.0 = Debug|Win32
		{930206C8-E6F6-4BDC-9F76-5A70FBABF35D}.MinSizeRel|Any CPU.ActiveCfg = Release|Win32
		{930206C8-E6F6-4BDC-9F76-5A70FBABF35D}.MinSizeRel|Any CPU.Build.0 = Release|Win32
		{930206C8-E6F6-4BDC-9F76-5A70FBABF35D}.MinSizeRel|x64.ActiveCfg = Release|x64
		{930206C8-E6F6-4BDC-9F76-5A70FBABF35D}.MinSizeRel|x64.Build.0 = Release|x64
		{930206C8-E6F6-4BDC-9F76-5A70FBABF35D}.MinSizeRel|x86.ActiveCfg = Release|Win32
		{930206C8-E6F6-4BDC-9F76-5A70FBABF35D}.MinSizeRel|x86.Build.0 = Release|Win32
		{930206C8-E6F6-4BDC-9F76-5A70FBABF35D}.Release|Any CPU.ActiveCfg = Release|Win32
		{930206C8-E6F6-4BDC-9F76-5A70FBABF35D}.Release|x64.ActiveCfg = Release|x64
		{930206C8-E6F6-4BDC-9F76-5A70FBABF35D}.Release|x64.Build.0 = Release|x64
		{930206C8-E6F6-4BDC-9F76-5A70FBABF35D}.Release|x86.ActiveCfg = Release|Win32
		{930206C8-E6F6-4BDC-9F76-5A70FBABF35D}.Release|x86.Build.0 = Release|Win32
		{930206C8-E6F6-4BDC-9F76-5A70FBABF35D}.Release|x86.Deploy.0 = Release|Win32
		{930206C8-E6F6-4BDC-9F76-5A70FBABF35D}.RelWithDebInfo|Any CPU.ActiveCfg = Release|Win32
		{930206C8-E6F6-4BDC-9F76-5A70FBABF35D}.RelWithDebInfo|Any CPU.Build.0 = Release|Win32
		{930206C8-E6F6-4BDC-9F76-5A70FBABF35D}.RelWithDebInfo|x64.ActiveCfg = Release|x64
		{930206C8-E6F6-4BDC-9F76-5A70FBABF35D}.RelWithDebInfo|x64.Build.0 = Release|x64
		{930206C8-E6F6-4BDC-9F76-5A70FBABF35D}.RelWithDebInfo|x86.ActiveCfg = Release|Win32
		{930206C8-E6F6-4BDC-9F76-5A70FBABF35D}.RelWithDebInfo|x86.Build.0 = Release|Win32
		{14CDB836-29A6-41A7-AB83-5A96F90C4660}.Debug|Any CPU.ActiveCfg = Debug|Win32
		{14CDB836-29A6-41A7-AB83-5A96F90C4660}.Debug|x64.ActiveCfg = Debug|x64
		{14CDB836-29A6-41A7-AB83-5A96F90C4660}.Debug|x64.Build.0 = Debug|x64
		{14CDB836-29A6-41A7-AB83-5A96F90C4660}.Debug|x86.ActiveCfg = Debug|Win32
		{14CDB836-29A6-41A7-AB83-5A96F90C4660}.Debug|x86.Build.0 = Debug|Win32
		{14CDB836-29A6-41A7-AB83-5A96F90C4660}.MinSizeRel|Any CPU.ActiveCfg = Release|Win32
		{14CDB836-29A6-41A7-AB83-5A96F90C4660}.MinSizeRel|Any CPU.Build.0 = Release|Win32
		{14CDB836-29A6-41A7-AB83-5A96F90C4660}.MinSizeRel|x64.ActiveCfg = Release|x64
		{14CDB836-29A6-41A7-AB83-5A96F90C4660}.MinSizeRel|x64.Build.0 = Release|x64
		{14CDB836-29A6-41A7-AB83-5A96F90C4660}.MinSizeRel|x86.ActiveCfg = Release|Win32
		{14CDB836-29A6-41A7-AB83-5A96F90C4660}.MinSizeRel|x86.Build.0 = Release|Win32
		{14CDB836-29A6-41A7-AB83-5A96F90C4660}.Release|Any CPU.ActiveCfg = Release|Win32
		{14CDB836-29A6-41A7-AB83-5A96F90C4660}.Release|x64.ActiveCfg = Release|x64
		{14CDB836-29A6-41A7-AB83-5A96F90C4660}.Release|x64.Build.0 = Release|x64
		{14CDB836-29A6-41A7-AB83-5A96F90C4660}.Release|x86.ActiveCfg = Release|Win32
		{14CDB836-29A6-41A7-AB83-5A96F90C4660}.Release|x86.Build.0 = Release|Win32
		{14CDB836-29A6-41A7-AB83-5A96F90C4660}.RelWithDebInfo|Any CPU.ActiveCfg = Release|Win32
		{14CDB836-29A6-41A7-AB83-5A96F90C4660}.RelWithDebInfo|Any CPU.Build.0 = Release|Win32
		{14CDB836-29A6-41A7-AB83-5A96F90C4660}.RelWithDebInfo|x64.ActiveCfg = Release|x64
		{14CDB836-29A6-41A7-AB83-5A96F90C4660}.RelWithDebInfo|x64.Build.0 = Release|x64
		{14CDB836-29A6-41A7-AB83-5A96F90C4660}.RelWithDebInfo|x86.ActiveCfg = Release|Win32
		{14CDB836-29A6-41A7-AB83-5A96F90C4660}.RelWithDebInfo|x86.Build.0 = Release|Win32
		{251497BE-4D12-43FE-A890-225E184EE0EA}.Debug|Any CPU.ActiveCfg = Debug|Win32
		{251497BE-4D12-43FE-A890-225E184EE0EA}.Debug|x64.ActiveCfg = Debug|x64
		{251497BE-4D12-43FE-A890-225E184EE0EA}.Debug|x64.Build.0 = Debug|x64
		{251497BE-4D12-43FE-A890-225E184EE0EA}.Debug|x86.ActiveCfg = Debug|Win32
		{251497BE-4D12-43FE-A890-225E184EE0EA}.Debug|x86.Build.0 = Debug|Win32
		{251497BE-4D12-43FE-A890-225E184EE0EA}.MinSizeRel|Any CPU.ActiveCfg = Release|Win32
		{251497BE-4D12-43FE-A890-225E184EE0EA}.MinSizeRel|Any CPU.Build.0 = Release|Win32
		{251497BE-4D12-43FE-A890-225E184EE0EA}.MinSizeRel|x64.ActiveCfg = Release|x64
		{251497BE-4D12-43FE-A890-225E184EE0EA}.MinSizeRel|x64.Build.0 = Release|x64
		{251497BE-4D12-43FE-A890-225E184EE0EA}.MinSizeRel|x86.ActiveCfg = Release|Win32
		{251497BE-4D12-43FE-A890-225E184EE0EA}.MinSizeRel|x86.Build.0 = Release|Win32
		{251497BE-4D12-43FE-A890-225E184EE0EA}.Release|Any CPU.ActiveCfg = Release|Win32
		{251497BE-4D12-43FE-A890-225E184EE0EA}.Release|x64.ActiveCfg = Release|x64
		{251497BE-4D12-43FE-A890-225E184EE0EA}.Release|x64.Build.0 = Release|x64
		{251497BE-4D12-43FE-A890-225E184EE0EA}.Release|x86.ActiveCfg = Release|Win32
		{251497BE-4D12-43FE-A890-225E184EE0EA}.Release|x86.Build.0 = Release|Win32
		{251497BE-4D12-43FE-A890-225E184EE0EA}.RelWithDebInfo|Any CPU.ActiveCfg = Release|Win32
		{251497BE-4D12-43FE-A890-225E184EE0EA}.RelWithDebInfo|Any CPU.Build.0 = Release|Win32
		{251497BE-4D12-43FE-A890-225E184EE0EA}.RelWithDebInfo|x64.ActiveCfg = Release|x64
		{251497BE-4D12-43FE-A890-225E184EE0EA}.RelWithDebInfo|x64.Build.0 = Release|x64
		{251497BE-4D12-43FE-A890-225E184EE0EA}.RelWithDebInfo|x86.ActiveCfg = Release|Win32
		{251497BE-4D12-43FE-A890-225E184EE0EA}.RelWithDebInfo|x86.Build.0 = Release|Win32
		{124ED325-5E61-45FC-A8F7-5B7AF73B6597}.Debug|Any CPU.ActiveCfg = Debug|Win32
		{124ED325-5E61-45FC-A8F7-5B7AF73B6597}.Debug|x64.ActiveCfg = Debug|x64
		{124ED325-5E61-45FC-A8F7-5B7AF73B6597}.Debug|x64.Build.0 = Debug|x64
		{124ED325-5E61-45FC-A8F7-5B7AF73B6597}.Debug|x86.ActiveCfg = Debug|Win32
		{124ED325-5E61-45FC-A8F7-5B7AF73B6597}.Debug|x86.Build.0 = Debug|Win32
		{124ED325-5E61-45FC-A8F7-5B7AF73B6597}.MinSizeRel|Any CPU.ActiveCfg = Release|Win32
		{124ED325-5E61-45FC-A8F7-5B7AF73B6597}.MinSizeRel|Any CPU.Build.0 = Release|Win32
		{124ED325-5E61-45FC-A8F7-5B7AF73B6597}.MinSizeRel|x64.ActiveCfg = Release|x64
		{124ED325-5E61-45FC-A8F7-5B7AF73B6597}.MinSizeRel|x64.Build.0 = Release|x64
		{124ED325-5E61-45FC-A8F7-5B7AF73B6597}.MinSizeRel|x86.ActiveCfg = Release|Win32
		{124ED325-5E61-45FC-A8F7-5B7AF73B6597}.MinSizeRel|x86.Build.0 = Release|Win32
		{124ED325-5E61-45FC-A8F7-5B7AF73B6597}.Release|Any CPU.ActiveCfg = Release|Win32
		{124ED325-5E61-45FC-A8F7-5B7AF73B6597}.Release|x64.ActiveCfg = Release|x64
		{124ED325-5E61-45FC-A8F7-5B7AF73B6597}.Release|x64.Build.0 = Release|x64
		{124ED325-5E61-45FC-A8F7-5B7AF73B6597}.Release|x86.ActiveCfg = Release|Win32
		{124ED325-5E61-45FC-A8F7-5B7AF73B6597}.Release|x86.Build.0 = Release|Win32
		{124ED325-5E61-45FC-A8F7-5B7AF73B6597}.RelWithDebInfo|Any CPU.ActiveCfg = Release|Win32
		{124ED325-5E61-45FC-A8F7-5B7AF73B6597}.RelWithDebInfo|Any CPU.Build.0 = Release|Win32
		{124ED325-5E61-45FC-A8F7-5B7AF73B6597}.RelWithDebInfo|x64.ActiveCfg = Release|x64
		{124ED325-5E61-45FC-A8F7-5B7AF73B6597}.RelWithDebInfo|x64.Build.0 = Release|x64
		{124ED325-5E61-45FC-A8F7-5B7AF73B6597}.RelWithDebInfo|x86.ActiveCfg = Release|Win32
		{124ED325-5E61-45FC-A8F7-5B7AF73B6597}.RelWithDebInfo|x86.Build.0 = Release|Win32
		{1F7597B2-F031-4122-B57A-399B5CCDCB8C}.Debug|Any CPU.ActiveCfg = Debug|Win32
		{1F7597B2-F031-4122-B57A-399B5CCDCB8C}.Debug|x64.ActiveCfg = Debug|x64
		{1F7597B2-F031-4122-B57A-399B5CCDCB8C}.Debug|x64.Build.0 = Debug|x64
		{1F7597B2-F031-4122-B57A-399B5CCDCB8C}.Debug|x86.ActiveCfg = Debug|Win32
		{1F7597B2-F031-4122-B57A-399B5CCDCB8C}.Debug|x86.Build.0 = Debug|Win32
		{1F7597B2-F031-4122-B57A-399B5CCDCB8C}.MinSizeRel|Any CPU.ActiveCfg = Release|Win32
		{1F7597B2-F031-4122-B57A-399B5CCDCB8C}.MinSizeRel|Any CPU.Build.0 = Release|Win32
		{1F7597B2-F031-4122-B57A-399B5CCDCB8C}.MinSizeRel|x64.ActiveCfg = Release|x64
		{1F7597B2-F031-4122-B57A-399B5CCDCB8C}.MinSizeRel|x64.Build.0 = Release|x64
		{1F7597B2-F031-4122-B57A-399B5CCDCB8C}.MinSizeRel|x86.ActiveCfg = Release|Win32
		{1F7597B2-F031-4122-B57A-399B5CCDCB8C}.MinSizeRel|x86.Build.0 = Release|Win32
		{1F7597B2-F031-4122-B57A-399B5CCDCB8C}.Release|Any CPU.ActiveCfg = Release|Win32
		{1F7597B2-F031-4122-B57A-399B5CCDCB8C}.Release|x64.ActiveCfg = Release|x64
		{1F7597B2-F031-4122-B57A-399B5CCDCB8C}.Release|x64.Build.0 = Release|x64
		{1F7597B2-F031-4122-B57A-399B5CCDCB8C}.Release|x86.ActiveCfg = Release|Win32
		{1F7597B2-F031-4122-B57A-399B5CCDCB8C}.Release|x86.Build.0 = Release|Win32
		{1F7597B2-F031-4122-B57A-399B5CCDCB8C}.RelWithDebInfo|Any CPU.ActiveCfg = Release|Win32
		{1F7597B2-F031-4122-B57A-399B5CCDCB8C}.RelWithDebInfo|Any CPU.Build.0 = Release|Win32
		{1F7597B2-F031-4122-B57A-399B5CCDCB8C}.RelWithDebInfo|x64.ActiveCfg = Release|x64
		{1F7597B2-F031-4122-B57A-399B5CCDCB8C}.RelWithDebInfo|x64.Build.0 = Release|x64
		{1F7597B2-F031-4122-B57A-399B5CCDCB8C}.RelWithDebInfo|x86.ActiveCfg = Release|Win32
		{1F7597B2-F031-4122-B57A-399B5CCDCB8C}.RelWithDebInfo|x86.Build.0 = Release|Win32
		{3D95D5C3-7997-47B0-BF53-7F5291778744}.Debug|Any CPU.ActiveCfg = Debug|Win32
		{3D95D5C3-7997-47B0-BF53-7F5291778744}.Debug|x64.ActiveCfg = Debug|x64
		{3D95D5C3-7997-47B0-BF53-7F5291778744}.Debug|x64.Build.0 = Debug|x64
		{3D95D5C3-7997-47B0-BF53-7F5291778744}.Debug|x86.ActiveCfg = Debug|Win32
		{3D95D5C3-7997-47B0-BF53-7F5291778744}.Debug|x86.Build.0 = Debug|Win32
		{3D95D5C3-7997-47B0-BF53-7F5291778744}.MinSizeRel|Any CPU.ActiveCfg = Release|Win32
		{3D95D5C3-7997-47B0-BF53-7F5291778744}.MinSizeRel|Any CPU.Build.0 = Release|Win32
		{3D95D5C3-7997-47B0-BF53-7F5291778744}.MinSizeRel|x64.ActiveCfg = Release|x64
		{3D95D5C3-7997-47B0-BF53-7F5291778744}.MinSizeRel|x64.Build.0 = Release|x64
		{3D95D5C3-7997-47B0-BF53-7F5291778744}.MinSizeRel|x86.ActiveCfg = Release|Win32
		{3D95D5C3-7997-47B0-BF53-7F5291778744}.MinSizeRel|x86.Build.0 = Release|Win32
		{3D95D5C3-7997-47B0-BF53-7F5291778744}.Release|Any CPU.ActiveCfg = Release|Win32
		{3D95D5C3-7997-47B0-BF53-7F5291778744}.Release|x64.ActiveCfg = Release|x64
		{3D95D5C3-7997-47B0-BF53-7F5291778744}.Release|x64.Build.0 = Release|x64
		{3D95D5C3-7997-47B0-BF53-7F5291778744}.Release|x86.ActiveCfg = Release|Win32
		{3D95D5C3-7997-47B0-BF53-7F5291778744}.Release|x86.Build.0 = Release|Win32
		{3D95D5C3-7997-47B0-BF53-7F5291778744}.RelWithDebInfo|Any CPU.ActiveCfg = Release|Win32
		{3D95D5C3-7997-47B0-BF53-7F5291778744}.RelWithDebInfo|Any CPU.Build.0 = Release|Win32
		{3D95D5C3-7997-47B0-BF53-7F5291778744}.RelWithDebInfo|x64.ActiveCfg = Release|x64
		{3D95D5C3-7997-47B0-BF53-7F5291778744}.RelWithDebInfo|x64.Build.0 = Release|x64
		{3D95D5C3-7997-47B0-BF53-7F5291778744}.RelWithDebInfo|x86.ActiveCfg = Release|Win32
		{3D95D5C3-7997-47B0-BF53-7F5291778744}.RelWithDebInfo|x86.Build.0 = Release|Win32
		{5DD7FA67-C0E9-3528-A6FE-27B61EC8C9FA}.Debug|Any CPU.ActiveCfg = Debug|Win32
		{5DD7FA67-C0E9-3528-A6FE-27B61EC8C9FA}.Debug|x64.ActiveCfg = Debug|Win32
		{5DD7FA67-C0E9-3528-A6FE-27B61EC8C9FA}.Debug|x86.ActiveCfg = Debug|Win32
		{5DD7FA67-C0E9-3528-A6FE-27B61EC8C9FA}.Debug|x86.Build.0 = Debug|Win32
		{5DD7FA67-C0E9-3528-A6FE-27B61EC8C9FA}.MinSizeRel|Any CPU.ActiveCfg = MinSizeRel|Win32
		{5DD7FA67-C0E9-3528-A6FE-27B61EC8C9FA}.MinSizeRel|x64.ActiveCfg = MinSizeRel|Win32
		{5DD7FA67-C0E9-3528-A6FE-27B61EC8C9FA}.MinSizeRel|x86.ActiveCfg = MinSizeRel|Win32
		{5DD7FA67-C0E9-3528-A6FE-27B61EC8C9FA}.MinSizeRel|x86.Build.0 = MinSizeRel|Win32
		{5DD7FA67-C0E9-3528-A6FE-27B61EC8C9FA}.Release|Any CPU.ActiveCfg = Release|Win32
		{5DD7FA67-C0E9-3528-A6FE-27B61EC8C9FA}.Release|x64.ActiveCfg = Release|Win32
		{5DD7FA67-C0E9-3528-A6FE-27B61EC8C9FA}.Release|x86.ActiveCfg = Release|Win32
		{5DD7FA67-C0E9-3528-A6FE-27B61EC8C9FA}.Release|x86.Build.0 = Release|Win32
		{5DD7FA67-C0E9-3528-A6FE-27B61EC8C9FA}.RelWithDebInfo|Any CPU.ActiveCfg = RelWithDebInfo|Win32
		{5DD7FA67-C0E9-3528-A6FE-27B61EC8C9FA}.RelWithDebInfo|x64.ActiveCfg = RelWithDebInfo|Win32
		{5DD7FA67-C0E9-3528-A6FE-27B61EC8C9FA}.RelWithDebInfo|x86.ActiveCfg = RelWithDebInfo|Win32
		{5DD7FA67-C0E9-3528-A6FE-27B61EC8C9FA}.RelWithDebInfo|x86.Build.0 = RelWithDebInfo|Win32
		{C93BF7BC-FB7E-3A8D-8BA0-FDC8AB22F819}.Debug|Any CPU.ActiveCfg = Debug|Win32
		{C93BF7BC-FB7E-3A8D-8BA0-FDC8AB22F819}.Debug|x64.ActiveCfg = Debug|Win32
		{C93BF7BC-FB7E-3A8D-8BA0-FDC8AB22F819}.Debug|x86.ActiveCfg = Debug|Win32
		{C93BF7BC-FB7E-3A8D-8BA0-FDC8AB22F819}.Debug|x86.Build.0 = Debug|Win32
		{C93BF7BC-FB7E-3A8D-8BA0-FDC8AB22F819}.MinSizeRel|Any CPU.ActiveCfg = MinSizeRel|Win32
		{C93BF7BC-FB7E-3A8D-8BA0-FDC8AB22F819}.MinSizeRel|x64.ActiveCfg = MinSizeRel|Win32
		{C93BF7BC-FB7E-3A8D-8BA0-FDC8AB22F819}.MinSizeRel|x86.ActiveCfg = MinSizeRel|Win32
		{C93BF7BC-FB7E-3A8D-8BA0-FDC8AB22F819}.MinSizeRel|x86.Build.0 = MinSizeRel|Win32
		{C93BF7BC-FB7E-3A8D-8BA0-FDC8AB22F819}.Release|Any CPU.ActiveCfg = Release|Win32
		{C93BF7BC-FB7E-3A8D-8BA0-FDC8AB22F819}.Release|x64.ActiveCfg = Release|Win32
		{C93BF7BC-FB7E-3A8D-8BA0-FDC8AB22F819}.Release|x86.ActiveCfg = Release|Win32
		{C93BF7BC-FB7E-3A8D-8BA0-FDC8AB22F819}.Release|x86.Build.0 = Release|Win32
		{C93BF7BC-FB7E-3A8D-8BA0-FDC8AB22F819}.Release|x86.Deploy.0 = Release|Win32
		{C93BF7BC-FB7E-3A8D-8BA0-FDC8AB22F819}.RelWithDebInfo|Any CPU.ActiveCfg = RelWithDebInfo|Win32
		{C93BF7BC-FB7E-3A8D-8BA0-FDC8AB22F819}.RelWithDebInfo|x64.ActiveCfg = RelWithDebInfo|Win32
		{C93BF7BC-FB7E-3A8D-8BA0-FDC8AB22F819}.RelWithDebInfo|x86.ActiveCfg = RelWithDebInfo|Win32
		{C93BF7BC-FB7E-3A8D-8BA0-FDC8AB22F819}.RelWithDebInfo|x86.Build.0 = RelWithDebInfo|Win32
		{5CFFBD0B-4872-47FF-AF10-7E744AF04EF2}.Debug|Any CPU.ActiveCfg = Debug
		{5CFFBD0B-4872-47FF-AF10-7E744AF04EF2}.Debug|Any CPU.Build.0 = Debug
		{5CFFBD0B-4872-47FF-AF10-7E744AF04EF2}.Debug|x64.ActiveCfg = Debug
		{5CFFBD0B-4872-47FF-AF10-7E744AF04EF2}.Debug|x64.Build.0 = Debug
		{5CFFBD0B-4872-47FF-AF10-7E744AF04EF2}.Debug|x86.ActiveCfg = Debug
		{5CFFBD0B-4872-47FF-AF10-7E744AF04EF2}.Debug|x86.Build.0 = Debug
		{5CFFBD0B-4872-47FF-AF10-7E744AF04EF2}.MinSizeRel|Any CPU.ActiveCfg = Release
		{5CFFBD0B-4872-47FF-AF10-7E744AF04EF2}.MinSizeRel|Any CPU.Build.0 = Release
		{5CFFBD0B-4872-47FF-AF10-7E744AF04EF2}.MinSizeRel|x64.ActiveCfg = Release
		{5CFFBD0B-4872-47FF-AF10-7E744AF04EF2}.MinSizeRel|x64.Build.0 = Release
		{5CFFBD0B-4872-47FF-AF10-7E744AF04EF2}.MinSizeRel|x86.ActiveCfg = Release
		{5CFFBD0B-4872-47FF-AF10-7E744AF04EF2}.MinSizeRel|x86.Build.0 = Release
		{5CFFBD0B-4872-47FF-AF10-7E744AF04EF2}.Release|Any CPU.ActiveCfg = Release
		{5CFFBD0B-4872-47FF-AF10-7E744AF04EF2}.Release|Any CPU.Build.0 = Release
		{5CFFBD0B-4872-47FF-AF10-7E744AF04EF2}.Release|x64.ActiveCfg = Release
		{5CFFBD0B-4872-47FF-AF10-7E744AF04EF2}.Release|x64.Build.0 = Release
		{5CFFBD0B-4872-47FF-AF10-7E744AF04EF2}.Release|x86.ActiveCfg = Release
		{5CFFBD0B-4872-47FF-AF10-7E744AF04EF2}.Release|x86.Build.0 = Release
		{5CFFBD0B-4872-47FF-AF10-7E744AF04EF2}.RelWithDebInfo|Any CPU.ActiveCfg = Release
		{5CFFBD0B-4872-47FF-AF10-7E744AF04EF2}.RelWithDebInfo|Any CPU.Build.0 = Release
		{5CFFBD0B-4872-47FF-AF10-7E744AF04EF2}.RelWithDebInfo|x64.ActiveCfg = Release
		{5CFFBD0B-4872-47FF-AF10-7E744AF04EF2}.RelWithDebInfo|x64.Build.0 = Release
		{5CFFBD0B-4872-47FF-AF10-7E744AF04EF2}.RelWithDebInfo|x86.ActiveCfg = Release
		{5CFFBD0B-4872-47FF-AF10-7E744AF04EF2}.RelWithDebInfo|x86.Build.0 = Release
		{FE2BB7B1-AD21-4F94-8CBB-B2CC41B2800B}.Debug|Any CPU.ActiveCfg = Debug|Win32
		{FE2BB7B1-AD21-4F94-8CBB-B2CC41B2800B}.Debug|x64.ActiveCfg = Debug|x64
		{FE2BB7B1-AD21-4F94-8CBB-B2CC41B2800B}.Debug|x64.Build.0 = Debug|x64
		{FE2BB7B1-AD21-4F94-8CBB-B2CC41B2800B}.Debug|x86.ActiveCfg = Debug|Win32
		{FE2BB7B1-AD21-4F94-8CBB-B2CC41B2800B}.Debug|x86.Build.0 = Debug|Win32
		{FE2BB7B1-AD21-4F94-8CBB-B2CC41B2800B}.MinSizeRel|Any CPU.ActiveCfg = Release|Win32
		{FE2BB7B1-AD21-4F94-8CBB-B2CC41B2800B}.MinSizeRel|Any CPU.Build.0 = Release|Win32
		{FE2BB7B1-AD21-4F94-8CBB-B2CC41B2800B}.MinSizeRel|x64.ActiveCfg = Release|x64
		{FE2BB7B1-AD21-4F94-8CBB-B2CC41B2800B}.MinSizeRel|x64.Build.0 = Release|x64
		{FE2BB7B1-AD21-4F94-8CBB-B2CC41B2800B}.MinSizeRel|x86.ActiveCfg = Release|Win32
		{FE2BB7B1-AD21-4F94-8CBB-B2CC41B2800B}.MinSizeRel|x86.Build.0 = Release|Win32
		{FE2BB7B1-AD21-4F94-8CBB-B2CC41B2800B}.Release|Any CPU.ActiveCfg = Release|Win32
		{FE2BB7B1-AD21-4F94-8CBB-B2CC41B2800B}.Release|x64.ActiveCfg = Release|x64
		{FE2BB7B1-AD21-4F94-8CBB-B2CC41B2800B}.Release|x64.Build.0 = Release|x64
		{FE2BB7B1-AD21-4F94-8CBB-B2CC41B2800B}.Release|x86.ActiveCfg = Release|Win32
		{FE2BB7B1-AD21-4F94-8CBB-B2CC41B2800B}.Release|x86.Build.0 = Release|Win32
		{FE2BB7B1-AD21-4F94-8CBB-B2CC41B2800B}.RelWithDebInfo|Any CPU.ActiveCfg = Release|Win32
		{FE2BB7B1-AD21-4F94-8CBB-B2CC41B2800B}.RelWithDebInfo|Any CPU.Build.0 = Release|Win32
		{FE2BB7B1-AD21-4F94-8CBB-B2CC41B2800B}.RelWithDebInfo|x64.ActiveCfg = Release|x64
		{FE2BB7B1-AD21-4F94-8CBB-B2CC41B2800B}.RelWithDebInfo|x64.Build.0 = Release|x64
		{FE2BB7B1-AD21-4F94-8CBB-B2CC41B2800B}.RelWithDebInfo|x86.ActiveCfg = Release|Win32
		{FE2BB7B1-AD21-4F94-8CBB-B2CC41B2800B}.RelWithDebInfo|x86.Build.0 = Release|Win32
		{BEE296A6-2814-47EB-AD7D-A5F806A7F9FA}.Debug|Any CPU.ActiveCfg = Debug|Any CPU
		{BEE296A6-2814-47EB-AD7D-A5F806A7F9FA}.Debug|Any CPU.Build.0 = Debug|Any CPU
		{BEE296A6-2814-47EB-AD7D-A5F806A7F9FA}.Debug|x64.ActiveCfg = Debug|Any CPU
		{BEE296A6-2814-47EB-AD7D-A5F806A7F9FA}.Debug|x64.Build.0 = Debug|Any CPU
		{BEE296A6-2814-47EB-AD7D-A5F806A7F9FA}.Debug|x86.ActiveCfg = Debug|Any CPU
		{BEE296A6-2814-47EB-AD7D-A5F806A7F9FA}.Debug|x86.Build.0 = Debug|Any CPU
		{BEE296A6-2814-47EB-AD7D-A5F806A7F9FA}.MinSizeRel|Any CPU.ActiveCfg = Release|Any CPU
		{BEE296A6-2814-47EB-AD7D-A5F806A7F9FA}.MinSizeRel|Any CPU.Build.0 = Release|Any CPU
		{BEE296A6-2814-47EB-AD7D-A5F806A7F9FA}.MinSizeRel|x64.ActiveCfg = Release|Any CPU
		{BEE296A6-2814-47EB-AD7D-A5F806A7F9FA}.MinSizeRel|x64.Build.0 = Release|Any CPU
		{BEE296A6-2814-47EB-AD7D-A5F806A7F9FA}.MinSizeRel|x86.ActiveCfg = Release|Any CPU
		{BEE296A6-2814-47EB-AD7D-A5F806A7F9FA}.MinSizeRel|x86.Build.0 = Release|Any CPU
		{BEE296A6-2814-47EB-AD7D-A5F806A7F9FA}.Release|Any CPU.ActiveCfg = Release|Any CPU
		{BEE296A6-2814-47EB-AD7D-A5F806A7F9FA}.Release|Any CPU.Build.0 = Release|Any CPU
		{BEE296A6-2814-47EB-AD7D-A5F806A7F9FA}.Release|x64.ActiveCfg = Release|Any CPU
		{BEE296A6-2814-47EB-AD7D-A5F806A7F9FA}.Release|x64.Build.0 = Release|Any CPU
		{BEE296A6-2814-47EB-AD7D-A5F806A7F9FA}.Release|x86.ActiveCfg = Release|Any CPU
		{BEE296A6-2814-47EB-AD7D-A5F806A7F9FA}.Release|x86.Build.0 = Release|Any CPU
		{BEE296A6-2814-47EB-AD7D-A5F806A7F9FA}.RelWithDebInfo|Any CPU.ActiveCfg = Release|Any CPU
		{BEE296A6-2814-47EB-AD7D-A5F806A7F9FA}.RelWithDebInfo|Any CPU.Build.0 = Release|Any CPU
		{BEE296A6-2814-47EB-AD7D-A5F806A7F9FA}.RelWithDebInfo|x64.ActiveCfg = Release|Any CPU
		{BEE296A6-2814-47EB-AD7D-A5F806A7F9FA}.RelWithDebInfo|x64.Build.0 = Release|Any CPU
		{BEE296A6-2814-47EB-AD7D-A5F806A7F9FA}.RelWithDebInfo|x86.ActiveCfg = Release|Any CPU
		{BEE296A6-2814-47EB-AD7D-A5F806A7F9FA}.RelWithDebInfo|x86.Build.0 = Release|Any CPU
		{061A8A19-4757-47D9-8E19-FED8AC96EE2E}.Debug|Any CPU.ActiveCfg = Debug|Win32
		{061A8A19-4757-47D9-8E19-FED8AC96EE2E}.Debug|x64.ActiveCfg = Debug|x64
		{061A8A19-4757-47D9-8E19-FED8AC96EE2E}.Debug|x64.Build.0 = Debug|x64
		{061A8A19-4757-47D9-8E19-FED8AC96EE2E}.Debug|x86.ActiveCfg = Debug|Win32
		{061A8A19-4757-47D9-8E19-FED8AC96EE2E}.Debug|x86.Build.0 = Debug|Win32
		{061A8A19-4757-47D9-8E19-FED8AC96EE2E}.MinSizeRel|Any CPU.ActiveCfg = Release|x64
		{061A8A19-4757-47D9-8E19-FED8AC96EE2E}.MinSizeRel|Any CPU.Build.0 = Release|x64
		{061A8A19-4757-47D9-8E19-FED8AC96EE2E}.MinSizeRel|x64.ActiveCfg = Release|x64
		{061A8A19-4757-47D9-8E19-FED8AC96EE2E}.MinSizeRel|x64.Build.0 = Release|x64
		{061A8A19-4757-47D9-8E19-FED8AC96EE2E}.MinSizeRel|x86.ActiveCfg = Release|Win32
		{061A8A19-4757-47D9-8E19-FED8AC96EE2E}.MinSizeRel|x86.Build.0 = Release|Win32
		{061A8A19-4757-47D9-8E19-FED8AC96EE2E}.Release|Any CPU.ActiveCfg = Release|Win32
		{061A8A19-4757-47D9-8E19-FED8AC96EE2E}.Release|x64.ActiveCfg = Release|x64
		{061A8A19-4757-47D9-8E19-FED8AC96EE2E}.Release|x64.Build.0 = Release|x64
		{061A8A19-4757-47D9-8E19-FED8AC96EE2E}.Release|x86.ActiveCfg = Release|Win32
		{061A8A19-4757-47D9-8E19-FED8AC96EE2E}.Release|x86.Build.0 = Release|Win32
		{061A8A19-4757-47D9-8E19-FED8AC96EE2E}.RelWithDebInfo|Any CPU.ActiveCfg = Release|x64
		{061A8A19-4757-47D9-8E19-FED8AC96EE2E}.RelWithDebInfo|Any CPU.Build.0 = Release|x64
		{061A8A19-4757-47D9-8E19-FED8AC96EE2E}.RelWithDebInfo|x64.ActiveCfg = Release|x64
		{061A8A19-4757-47D9-8E19-FED8AC96EE2E}.RelWithDebInfo|x64.Build.0 = Release|x64
		{061A8A19-4757-47D9-8E19-FED8AC96EE2E}.RelWithDebInfo|x86.ActiveCfg = Release|Win32
		{061A8A19-4757-47D9-8E19-FED8AC96EE2E}.RelWithDebInfo|x86.Build.0 = Release|Win32
		{C798CB96-54B6-479C-87E0-0AA06D769221}.Debug|Any CPU.ActiveCfg = Debug|Win32
		{C798CB96-54B6-479C-87E0-0AA06D769221}.Debug|x64.ActiveCfg = Debug|x64
		{C798CB96-54B6-479C-87E0-0AA06D769221}.Debug|x64.Build.0 = Debug|x64
		{C798CB96-54B6-479C-87E0-0AA06D769221}.Debug|x86.ActiveCfg = Debug|Win32
		{C798CB96-54B6-479C-87E0-0AA06D769221}.Debug|x86.Build.0 = Debug|Win32
		{C798CB96-54B6-479C-87E0-0AA06D769221}.MinSizeRel|Any CPU.ActiveCfg = Release|x64
		{C798CB96-54B6-479C-87E0-0AA06D769221}.MinSizeRel|Any CPU.Build.0 = Release|x64
		{C798CB96-54B6-479C-87E0-0AA06D769221}.MinSizeRel|x64.ActiveCfg = Release|x64
		{C798CB96-54B6-479C-87E0-0AA06D769221}.MinSizeRel|x64.Build.0 = Release|x64
		{C798CB96-54B6-479C-87E0-0AA06D769221}.MinSizeRel|x86.ActiveCfg = Release|Win32
		{C798CB96-54B6-479C-87E0-0AA06D769221}.MinSizeRel|x86.Build.0 = Release|Win32
		{C798CB96-54B6-479C-87E0-0AA06D769221}.Release|Any CPU.ActiveCfg = Release|Win32
		{C798CB96-54B6-479C-87E0-0AA06D769221}.Release|x64.ActiveCfg = Release|x64
		{C798CB96-54B6-479C-87E0-0AA06D769221}.Release|x64.Build.0 = Release|x64
		{C798CB96-54B6-479C-87E0-0AA06D769221}.Release|x86.ActiveCfg = Release|Win32
		{C798CB96-54B6-479C-87E0-0AA06D769221}.Release|x86.Build.0 = Release|Win32
		{C798CB96-54B6-479C-87E0-0AA06D769221}.RelWithDebInfo|Any CPU.ActiveCfg = Release|x64
		{C798CB96-54B6-479C-87E0-0AA06D769221}.RelWithDebInfo|Any CPU.Build.0 = Release|x64
		{C798CB96-54B6-479C-87E0-0AA06D769221}.RelWithDebInfo|x64.ActiveCfg = Release|x64
		{C798CB96-54B6-479C-87E0-0AA06D769221}.RelWithDebInfo|x64.Build.0 = Release|x64
		{C798CB96-54B6-479C-87E0-0AA06D769221}.RelWithDebInfo|x86.ActiveCfg = Release|Win32
		{C798CB96-54B6-479C-87E0-0AA06D769221}.RelWithDebInfo|x86.Build.0 = Release|Win32
	EndGlobalSection
	GlobalSection(SolutionProperties) = preSolution
		HideSolutionNode = FALSE
	EndGlobalSection
EndGlobal
