
Microsoft Visual Studio Solution File, Format Version 12.00
# Visual Studio 14
VisualStudioVersion = 14.0.25420.1
MinimumVisualStudioVersion = 10.0.40219.1
Project("{8BC9CEB8-8B4A-11D0-8D11-00A0C91BC942}") = "Intelligent_Traffic_Monitoring_System", "Intelligent_Traffic_Monitoring_System.vcxproj", "{930206C8-E6F6-4BDC-9F76-5A70FBABF35D}"
EndProject
Project("{8BC9CEB8-8B4A-11D0-8D11-00A0C91BC942}") = "VideoStabilization", "utils\VideoStabilization\VideoStabilization.vcxproj", "{14CDB836-29A6-41A7-AB83-5A96F90C4660}"
EndProject
Project("{8BC9CEB8-8B4A-11D0-8D11-00A0C91BC942}") = "MJPGPlayer", "utils\MJPGPlayer\MJPGPlayer.vcxproj", "{251497BE-4D12-43FE-A890-225E184EE0EA}"
EndProject
Global
	GlobalSection(SolutionConfigurationPlatforms) = preSolution
		Debug|x64 = Debug|x64
		Debug|x86 = Debug|x86
		Release|x64 = Release|x64
		Release|x86 = Release|x86
	EndGlobalSection
	GlobalSection(ProjectConfigurationPlatforms) = postSolution
		{930206C8-E6F6-4BDC-9F76-5A70FBABF35D}.Debug|x64.ActiveCfg = Debug|x64
		{930206C8-E6F6-4BDC-9F76-5A70FBABF35D}.Debug|x64.Build.0 = Debug|x64
		{930206C8-E6F6-4BDC-9F76-5A70FBABF35D}.Debug|x86.ActiveCfg = Debug|Win32
		{930206C8-E6F6-4BDC-9F76-5A70FBABF35D}.Debug|x86.Build.0 = Debug|Win32
		{930206C8-E6F6-4BDC-9F76-5A70FBABF35D}.Release|x64.ActiveCfg = Release|x64
		{930206C8-E6F6-4BDC-9F76-5A70FBABF35D}.Release|x64.Build.0 = Release|x64
		{930206C8-E6F6-4BDC-9F76-5A70FBABF35D}.Release|x86.ActiveCfg = Release|Win32
		{930206C8-E6F6-4BDC-9F76-5A70FBABF35D}.Release|x86.Build.0 = Release|Win32
		{14CDB836-29A6-41A7-AB83-5A96F90C4660}.Debug|x64.ActiveCfg = Debug|x64
		{14CDB836-29A6-41A7-AB83-5A96F90C4660}.Debug|x64.Build.0 = Debug|x64
		{14CDB836-29A6-41A7-AB83-5A96F90C4660}.Debug|x86.ActiveCfg = Debug|Win32
		{14CDB836-29A6-41A7-AB83-5A96F90C4660}.Debug|x86.Build.0 = Debug|Win32
		{14CDB836-29A6-41A7-AB83-5A96F90C4660}.Release|x64.ActiveCfg = Release|x64
		{14CDB836-29A6-41A7-AB83-5A96F90C4660}.Release|x64.Build.0 = Release|x64
		{14CDB836-29A6-41A7-AB83-5A96F90C4660}.Release|x86.ActiveCfg = Release|Win32
		{14CDB836-29A6-41A7-AB83-5A96F90C4660}.Release|x86.Build.0 = Release|Win32
		{251497BE-4D12-43FE-A890-225E184EE0EA}.Debug|x64.ActiveCfg = Debug|x64
		{251497BE-4D12-43FE-A890-225E184EE0EA}.Debug|x64.Build.0 = Debug|x64
		{251497BE-4D12-43FE-A890-225E184EE0EA}.Debug|x86.ActiveCfg = Debug|Win32
		{251497BE-4D12-43FE-A890-225E184EE0EA}.Debug|x86.Build.0 = Debug|Win32
		{251497BE-4D12-43FE-A890-225E184EE0EA}.Release|x64.ActiveCfg = Release|x64
		{251497BE-4D12-43FE-A890-225E184EE0EA}.Release|x64.Build.0 = Release|x64
		{251497BE-4D12-43FE-A890-225E184EE0EA}.Release|x86.ActiveCfg = Release|Win32
		{251497BE-4D12-43FE-A890-225E184EE0EA}.Release|x86.Build.0 = Release|Win32
	EndGlobalSection
	GlobalSection(SolutionProperties) = preSolution
		HideSolutionNode = FALSE
	EndGlobalSection
EndGlobal
