
Microsoft Visual Studio Solution File, Format Version 12.00
# Visual Studio 14
VisualStudioVersion = 14.0.25420.1
MinimumVisualStudioVersion = 10.0.40219.1
Project("{8BC9CEB8-8B4A-11D0-8D11-00A0C91BC942}") = "Intelligent_Traffic_Monitoring_System", "Intelligent_Traffic_Monitoring_System.vcxproj", "{930206C8-E6F6-4BDC-9F76-5A70FBABF35D}"
EndProject
Project("{8BC9CEB8-8B4A-11D0-8D11-00A0C91BC942}") = "VideoStabilization", "utils\VideoStabilization\VideoStabilization.vcxproj", "{14CDB836-29A6-41A7-AB83-5A96F90C4660}"
EndProject
Project("{8BC9CEB8-8B4A-11D0-8D11-00A0C91BC942}") = "MJPGPlayer", "utils\MJPGPlayer\MJPGPlayer.vcxproj", "{251497BE-4D12-43FE-A890-225E184EE0EA}"
EndProject
Project("{8BC9CEB8-8B4A-11D0-8D11-00A0C91BC942}") = "Object_Detector_YOLO", "utils\ObjectYoloDetector\Object_Detector_YOLO.vcxproj", "{124ED325-5E61-45FC-A8F7-5B7AF73B6597}"
EndProject
Project("{8BC9CEB8-8B4A-11D0-8D11-00A0C91BC942}") = "Object_Detector_Cascade", "utils\CascadeDetector\Object_Detector_Cascade.vcxproj", "{1F7597B2-F031-4122-B57A-399B5CCDCB8C}"
EndProject
Project("{8BC9CEB8-8B4A-11D0-8D11-00A0C91BC942}") = "OpticalFlowPyramid", "utils\OpticalFlow\OpticalFlowPyramid.vcxproj", "{3D95D5C3-7997-47B0-BF53-7F5291778744}"
EndProject
Project("{8BC9CEB8-8B4A-11D0-8D11-00A0C91BC942}") = "KCF_FASTDSST", "utils\FASTDSST\FAST_DSST.vcxproj", "{5DD7FA67-C0E9-3528-A6FE-27B61EC8C9FA}"
EndProject
Global
	GlobalSection(SolutionConfigurationPlatforms) = preSolution
		Debug|x64 = Debug|x64
		Debug|x86 = Debug|x86
		MinSizeRel|x64 = MinSizeRel|x64
		MinSizeRel|x86 = MinSizeRel|x86
		Release|x64 = Release|x64
		Release|x86 = Release|x86
		RelWithDebInfo|x64 = RelWithDebInfo|x64
		RelWithDebInfo|x86 = RelWithDebInfo|x86
	EndGlobalSection
	GlobalSection(ProjectConfigurationPlatforms) = postSolution
		{930206C8-E6F6-4BDC-9F76-5A70FBABF35D}.Debug|x64.ActiveCfg = Debug|x64
		{930206C8-E6F6-4BDC-9F76-5A70FBABF35D}.Debug|x64.Build.0 = Debug|x64
		{930206C8-E6F6-4BDC-9F76-5A70FBABF35D}.Debug|x86.ActiveCfg = Debug|Win32
		{930206C8-E6F6-4BDC-9F76-5A70FBABF35D}.Debug|x86.Build.0 = Debug|Win32
		{930206C8-E6F6-4BDC-9F76-5A70FBABF35D}.MinSizeRel|x64.ActiveCfg = Release|x64
		{930206C8-E6F6-4BDC-9F76-5A70FBABF35D}.MinSizeRel|x64.Build.0 = Release|x64
		{930206C8-E6F6-4BDC-9F76-5A70FBABF35D}.MinSizeRel|x86.ActiveCfg = Release|Win32
		{930206C8-E6F6-4BDC-9F76-5A70FBABF35D}.MinSizeRel|x86.Build.0 = Release|Win32
		{930206C8-E6F6-4BDC-9F76-5A70FBABF35D}.Release|x64.ActiveCfg = Release|x64
		{930206C8-E6F6-4BDC-9F76-5A70FBABF35D}.Release|x64.Build.0 = Release|x64
		{930206C8-E6F6-4BDC-9F76-5A70FBABF35D}.Release|x86.ActiveCfg = Release|Win32
		{930206C8-E6F6-4BDC-9F76-5A70FBABF35D}.Release|x86.Build.0 = Release|Win32
		{930206C8-E6F6-4BDC-9F76-5A70FBABF35D}.RelWithDebInfo|x64.ActiveCfg = Release|x64
		{930206C8-E6F6-4BDC-9F76-5A70FBABF35D}.RelWithDebInfo|x64.Build.0 = Release|x64
		{930206C8-E6F6-4BDC-9F76-5A70FBABF35D}.RelWithDebInfo|x86.ActiveCfg = Release|Win32
		{930206C8-E6F6-4BDC-9F76-5A70FBABF35D}.RelWithDebInfo|x86.Build.0 = Release|Win32
		{14CDB836-29A6-41A7-AB83-5A96F90C4660}.Debug|x64.ActiveCfg = Debug|x64
		{14CDB836-29A6-41A7-AB83-5A96F90C4660}.Debug|x64.Build.0 = Debug|x64
		{14CDB836-29A6-41A7-AB83-5A96F90C4660}.Debug|x86.ActiveCfg = Debug|Win32
		{14CDB836-29A6-41A7-AB83-5A96F90C4660}.Debug|x86.Build.0 = Debug|Win32
		{14CDB836-29A6-41A7-AB83-5A96F90C4660}.MinSizeRel|x64.ActiveCfg = Release|x64
		{14CDB836-29A6-41A7-AB83-5A96F90C4660}.MinSizeRel|x64.Build.0 = Release|x64
		{14CDB836-29A6-41A7-AB83-5A96F90C4660}.MinSizeRel|x86.ActiveCfg = Release|Win32
		{14CDB836-29A6-41A7-AB83-5A96F90C4660}.MinSizeRel|x86.Build.0 = Release|Win32
		{14CDB836-29A6-41A7-AB83-5A96F90C4660}.Release|x64.ActiveCfg = Release|x64
		{14CDB836-29A6-41A7-AB83-5A96F90C4660}.Release|x64.Build.0 = Release|x64
		{14CDB836-29A6-41A7-AB83-5A96F90C4660}.Release|x86.ActiveCfg = Release|Win32
		{14CDB836-29A6-41A7-AB83-5A96F90C4660}.Release|x86.Build.0 = Release|Win32
		{14CDB836-29A6-41A7-AB83-5A96F90C4660}.RelWithDebInfo|x64.ActiveCfg = Release|x64
		{14CDB836-29A6-41A7-AB83-5A96F90C4660}.RelWithDebInfo|x64.Build.0 = Release|x64
		{14CDB836-29A6-41A7-AB83-5A96F90C4660}.RelWithDebInfo|x86.ActiveCfg = Release|Win32
		{14CDB836-29A6-41A7-AB83-5A96F90C4660}.RelWithDebInfo|x86.Build.0 = Release|Win32
		{251497BE-4D12-43FE-A890-225E184EE0EA}.Debug|x64.ActiveCfg = Debug|x64
		{251497BE-4D12-43FE-A890-225E184EE0EA}.Debug|x64.Build.0 = Debug|x64
		{251497BE-4D12-43FE-A890-225E184EE0EA}.Debug|x86.ActiveCfg = Debug|Win32
		{251497BE-4D12-43FE-A890-225E184EE0EA}.Debug|x86.Build.0 = Debug|Win32
		{251497BE-4D12-43FE-A890-225E184EE0EA}.MinSizeRel|x64.ActiveCfg = Release|x64
		{251497BE-4D12-43FE-A890-225E184EE0EA}.MinSizeRel|x64.Build.0 = Release|x64
		{251497BE-4D12-43FE-A890-225E184EE0EA}.MinSizeRel|x86.ActiveCfg = Release|Win32
		{251497BE-4D12-43FE-A890-225E184EE0EA}.MinSizeRel|x86.Build.0 = Release|Win32
		{251497BE-4D12-43FE-A890-225E184EE0EA}.Release|x64.ActiveCfg = Release|x64
		{251497BE-4D12-43FE-A890-225E184EE0EA}.Release|x64.Build.0 = Release|x64
		{251497BE-4D12-43FE-A890-225E184EE0EA}.Release|x86.ActiveCfg = Release|Win32
		{251497BE-4D12-43FE-A890-225E184EE0EA}.Release|x86.Build.0 = Release|Win32
		{251497BE-4D12-43FE-A890-225E184EE0EA}.RelWithDebInfo|x64.ActiveCfg = Release|x64
		{251497BE-4D12-43FE-A890-225E184EE0EA}.RelWithDebInfo|x64.Build.0 = Release|x64
		{251497BE-4D12-43FE-A890-225E184EE0EA}.RelWithDebInfo|x86.ActiveCfg = Release|Win32
		{251497BE-4D12-43FE-A890-225E184EE0EA}.RelWithDebInfo|x86.Build.0 = Release|Win32
		{124ED325-5E61-45FC-A8F7-5B7AF73B6597}.Debug|x64.ActiveCfg = Debug|x64
		{124ED325-5E61-45FC-A8F7-5B7AF73B6597}.Debug|x64.Build.0 = Debug|x64
		{124ED325-5E61-45FC-A8F7-5B7AF73B6597}.Debug|x86.ActiveCfg = Debug|Win32
		{124ED325-5E61-45FC-A8F7-5B7AF73B6597}.Debug|x86.Build.0 = Debug|Win32
		{124ED325-5E61-45FC-A8F7-5B7AF73B6597}.MinSizeRel|x64.ActiveCfg = Release|x64
		{124ED325-5E61-45FC-A8F7-5B7AF73B6597}.MinSizeRel|x64.Build.0 = Release|x64
		{124ED325-5E61-45FC-A8F7-5B7AF73B6597}.MinSizeRel|x86.ActiveCfg = Release|Win32
		{124ED325-5E61-45FC-A8F7-5B7AF73B6597}.MinSizeRel|x86.Build.0 = Release|Win32
		{124ED325-5E61-45FC-A8F7-5B7AF73B6597}.Release|x64.ActiveCfg = Release|x64
		{124ED325-5E61-45FC-A8F7-5B7AF73B6597}.Release|x64.Build.0 = Release|x64
		{124ED325-5E61-45FC-A8F7-5B7AF73B6597}.Release|x86.ActiveCfg = Release|Win32
		{124ED325-5E61-45FC-A8F7-5B7AF73B6597}.Release|x86.Build.0 = Release|Win32
		{124ED325-5E61-45FC-A8F7-5B7AF73B6597}.RelWithDebInfo|x64.ActiveCfg = Release|x64
		{124ED325-5E61-45FC-A8F7-5B7AF73B6597}.RelWithDebInfo|x64.Build.0 = Release|x64
		{124ED325-5E61-45FC-A8F7-5B7AF73B6597}.RelWithDebInfo|x86.ActiveCfg = Release|Win32
		{124ED325-5E61-45FC-A8F7-5B7AF73B6597}.RelWithDebInfo|x86.Build.0 = Release|Win32
		{1F7597B2-F031-4122-B57A-399B5CCDCB8C}.Debug|x64.ActiveCfg = Debug|x64
		{1F7597B2-F031-4122-B57A-399B5CCDCB8C}.Debug|x64.Build.0 = Debug|x64
		{1F7597B2-F031-4122-B57A-399B5CCDCB8C}.Debug|x86.ActiveCfg = Debug|Win32
		{1F7597B2-F031-4122-B57A-399B5CCDCB8C}.Debug|x86.Build.0 = Debug|Win32
		{1F7597B2-F031-4122-B57A-399B5CCDCB8C}.MinSizeRel|x64.ActiveCfg = Release|x64
		{1F7597B2-F031-4122-B57A-399B5CCDCB8C}.MinSizeRel|x64.Build.0 = Release|x64
		{1F7597B2-F031-4122-B57A-399B5CCDCB8C}.MinSizeRel|x86.ActiveCfg = Release|Win32
		{1F7597B2-F031-4122-B57A-399B5CCDCB8C}.MinSizeRel|x86.Build.0 = Release|Win32
		{1F7597B2-F031-4122-B57A-399B5CCDCB8C}.Release|x64.ActiveCfg = Release|x64
		{1F7597B2-F031-4122-B57A-399B5CCDCB8C}.Release|x64.Build.0 = Release|x64
		{1F7597B2-F031-4122-B57A-399B5CCDCB8C}.Release|x86.ActiveCfg = Release|Win32
		{1F7597B2-F031-4122-B57A-399B5CCDCB8C}.Release|x86.Build.0 = Release|Win32
		{1F7597B2-F031-4122-B57A-399B5CCDCB8C}.RelWithDebInfo|x64.ActiveCfg = Release|x64
		{1F7597B2-F031-4122-B57A-399B5CCDCB8C}.RelWithDebInfo|x64.Build.0 = Release|x64
		{1F7597B2-F031-4122-B57A-399B5CCDCB8C}.RelWithDebInfo|x86.ActiveCfg = Release|Win32
		{1F7597B2-F031-4122-B57A-399B5CCDCB8C}.RelWithDebInfo|x86.Build.0 = Release|Win32
		{3D95D5C3-7997-47B0-BF53-7F5291778744}.Debug|x64.ActiveCfg = Debug|x64
		{3D95D5C3-7997-47B0-BF53-7F5291778744}.Debug|x64.Build.0 = Debug|x64
		{3D95D5C3-7997-47B0-BF53-7F5291778744}.Debug|x86.ActiveCfg = Debug|Win32
		{3D95D5C3-7997-47B0-BF53-7F5291778744}.Debug|x86.Build.0 = Debug|Win32
		{3D95D5C3-7997-47B0-BF53-7F5291778744}.MinSizeRel|x64.ActiveCfg = Release|x64
		{3D95D5C3-7997-47B0-BF53-7F5291778744}.MinSizeRel|x64.Build.0 = Release|x64
		{3D95D5C3-7997-47B0-BF53-7F5291778744}.MinSizeRel|x86.ActiveCfg = Release|Win32
		{3D95D5C3-7997-47B0-BF53-7F5291778744}.MinSizeRel|x86.Build.0 = Release|Win32
		{3D95D5C3-7997-47B0-BF53-7F5291778744}.Release|x64.ActiveCfg = Release|x64
		{3D95D5C3-7997-47B0-BF53-7F5291778744}.Release|x64.Build.0 = Release|x64
		{3D95D5C3-7997-47B0-BF53-7F5291778744}.Release|x86.ActiveCfg = Release|Win32
		{3D95D5C3-7997-47B0-BF53-7F5291778744}.Release|x86.Build.0 = Release|Win32
		{3D95D5C3-7997-47B0-BF53-7F5291778744}.RelWithDebInfo|x64.ActiveCfg = Release|x64
		{3D95D5C3-7997-47B0-BF53-7F5291778744}.RelWithDebInfo|x64.Build.0 = Release|x64
		{3D95D5C3-7997-47B0-BF53-7F5291778744}.RelWithDebInfo|x86.ActiveCfg = Release|Win32
		{3D95D5C3-7997-47B0-BF53-7F5291778744}.RelWithDebInfo|x86.Build.0 = Release|Win32
		{5DD7FA67-C0E9-3528-A6FE-27B61EC8C9FA}.Debug|x64.ActiveCfg = Debug|Win32
		{5DD7FA67-C0E9-3528-A6FE-27B61EC8C9FA}.Debug|x86.ActiveCfg = Debug|Win32
		{5DD7FA67-C0E9-3528-A6FE-27B61EC8C9FA}.Debug|x86.Build.0 = Debug|Win32
		{5DD7FA67-C0E9-3528-A6FE-27B61EC8C9FA}.MinSizeRel|x64.ActiveCfg = MinSizeRel|Win32
		{5DD7FA67-C0E9-3528-A6FE-27B61EC8C9FA}.MinSizeRel|x86.ActiveCfg = MinSizeRel|Win32
		{5DD7FA67-C0E9-3528-A6FE-27B61EC8C9FA}.MinSizeRel|x86.Build.0 = MinSizeRel|Win32
		{5DD7FA67-C0E9-3528-A6FE-27B61EC8C9FA}.Release|x64.ActiveCfg = Release|Win32
		{5DD7FA67-C0E9-3528-A6FE-27B61EC8C9FA}.Release|x86.ActiveCfg = Release|Win32
		{5DD7FA67-C0E9-3528-A6FE-27B61EC8C9FA}.Release|x86.Build.0 = Release|Win32
		{5DD7FA67-C0E9-3528-A6FE-27B61EC8C9FA}.RelWithDebInfo|x64.ActiveCfg = RelWithDebInfo|Win32
		{5DD7FA67-C0E9-3528-A6FE-27B61EC8C9FA}.RelWithDebInfo|x86.ActiveCfg = RelWithDebInfo|Win32
		{5DD7FA67-C0E9-3528-A6FE-27B61EC8C9FA}.RelWithDebInfo|x86.Build.0 = RelWithDebInfo|Win32
	EndGlobalSection
	GlobalSection(SolutionProperties) = preSolution
		HideSolutionNode = FALSE
	EndGlobalSection
EndGlobal
